
Microsoft Visual Studio Solution File, Format Version 12.00
# Visual Studio 14
VisualStudioVersion = 14.0.25420.1
MinimumVisualStudioVersion = 10.0.40219.1
Project("{FAE04EC0-301F-11D3-BF4B-00C04F79EFBC}") = "ConsoleApplication1", "ConsoleApplication1\ConsoleApplication1.csproj", "{56A3E785-6FC2-4F5F-944D-B54882AD6542}"
EndProject
Project("{FAE04EC0-301F-11D3-BF4B-00C04F79EFBC}") = "Taha.DatabaseInitilization", "Taha.DatabaseInitilization\Taha.DatabaseInitilization.csproj", "{A50A3225-8982-4DE8-861C-2B3B4DC8AAFA}"
EndProject
Project("{FAE04EC0-301F-11D3-BF4B-00C04F79EFBC}") = "Taha.Repository", "Taha.Repository\Taha.Repository.csproj", "{739BE212-C08A-421E-81AA-E563E76BACAE}"
EndProject
Project("{FAE04EC0-301F-11D3-BF4B-00C04F79EFBC}") = "Taha.Framework", "Taha.Framework\Taha.Framework.csproj", "{0322A770-ED58-480F-BBDA-E38334213538}"
EndProject
Project("{FAE04EC0-301F-11D3-BF4B-00C04F79EFBC}") = "Taha.WebAPI", "Taha.WebAPI\Taha.WebAPI.csproj", "{0E7A0FAF-DEC6-4CD4-BB39-602D3227FCED}"
EndProject
Project("{FAE04EC0-301F-11D3-BF4B-00C04F79EFBC}") = "Taha.WebAPI.Tests", "Taha.WebAPI.Tests\Taha.WebAPI.Tests.csproj", "{96BC1F46-92BA-4D9A-9A27-AE6AB74E769C}"
EndProject
Global
	GlobalSection(SolutionConfigurationPlatforms) = preSolution
		Debug|Any CPU = Debug|Any CPU
		Release|Any CPU = Release|Any CPU
	EndGlobalSection
	GlobalSection(ProjectConfigurationPlatforms) = postSolution
		{56A3E785-6FC2-4F5F-944D-B54882AD6542}.Debug|Any CPU.ActiveCfg = Debug|Any CPU
		{56A3E785-6FC2-4F5F-944D-B54882AD6542}.Debug|Any CPU.Build.0 = Debug|Any CPU
		{56A3E785-6FC2-4F5F-944D-B54882AD6542}.Release|Any CPU.ActiveCfg = Release|Any CPU
		{56A3E785-6FC2-4F5F-944D-B54882AD6542}.Release|Any CPU.Build.0 = Release|Any CPU
		{A50A3225-8982-4DE8-861C-2B3B4DC8AAFA}.Debug|Any CPU.ActiveCfg = Debug|Any CPU
		{A50A3225-8982-4DE8-861C-2B3B4DC8AAFA}.Debug|Any CPU.Build.0 = Debug|Any CPU
		{A50A3225-8982-4DE8-861C-2B3B4DC8AAFA}.Release|Any CPU.ActiveCfg = Release|Any CPU
		{A50A3225-8982-4DE8-861C-2B3B4DC8AAFA}.Release|Any CPU.Build.0 = Release|Any CPU
		{739BE212-C08A-421E-81AA-E563E76BACAE}.Debug|Any CPU.ActiveCfg = Debug|Any CPU
		{739BE212-C08A-421E-81AA-E563E76BACAE}.Debug|Any CPU.Build.0 = Debug|Any CPU
		{739BE212-C08A-421E-81AA-E563E76BACAE}.Release|Any CPU.ActiveCfg = Release|Any CPU
		{739BE212-C08A-421E-81AA-E563E76BACAE}.Release|Any CPU.Build.0 = Release|Any CPU
		{0322A770-ED58-480F-BBDA-E38334213538}.Debug|Any CPU.ActiveCfg = Debug|Any CPU
		{0322A770-ED58-480F-BBDA-E38334213538}.Debug|Any CPU.Build.0 = Debug|Any CPU
		{0322A770-ED58-480F-BBDA-E38334213538}.Release|Any CPU.ActiveCfg = Release|Any CPU
		{0322A770-ED58-480F-BBDA-E38334213538}.Release|Any CPU.Build.0 = Release|Any CPU
		{0E7A0FAF-DEC6-4CD4-BB39-602D3227FCED}.Debug|Any CPU.ActiveCfg = Debug|Any CPU
		{0E7A0FAF-DEC6-4CD4-BB39-602D3227FCED}.Debug|Any CPU.Build.0 = Debug|Any CPU
		{0E7A0FAF-DEC6-4CD4-BB39-602D3227FCED}.Release|Any CPU.ActiveCfg = Release|Any CPU
		{0E7A0FAF-DEC6-4CD4-BB39-602D3227FCED}.Release|Any CPU.Build.0 = Release|Any CPU
		{96BC1F46-92BA-4D9A-9A27-AE6AB74E769C}.Debug|Any CPU.ActiveCfg = Debug|Any CPU
		{96BC1F46-92BA-4D9A-9A27-AE6AB74E769C}.Debug|Any CPU.Build.0 = Debug|Any CPU
		{96BC1F46-92BA-4D9A-9A27-AE6AB74E769C}.Release|Any CPU.ActiveCfg = Release|Any CPU
		{96BC1F46-92BA-4D9A-9A27-AE6AB74E769C}.Release|Any CPU.Build.0 = Release|Any CPU
	EndGlobalSection
	GlobalSection(SolutionProperties) = preSolution
		HideSolutionNode = FALSE
	EndGlobalSection
EndGlobal
